
Microsoft Visual Studio Solution File, Format Version 12.00
Project("{FAE04EC0-301F-11D3-BF4B-00C04F79EFBC}") = "Datalagring.Web", "Datalagring.Web\Datalagring.Web.csproj", "{EAC7D501-DE90-4FC1-AECC-74D6B089C3B2}"
EndProject
Project("{FAE04EC0-301F-11D3-BF4B-00C04F79EFBC}") = "Datalagring.API", "Datalagring.API\Datalagring.API.csproj", "{B825A07F-13D0-4FD5-8764-250786D35DD2}"
EndProject
Project("{FAE04EC0-301F-11D3-BF4B-00C04F79EFBC}") = "Datalagring.Console", "Datalagring.Console\Datalagring.Console.csproj", "{B8F2A981-6DC4-4F8C-88B1-802599FAD819}"
EndProject
Global
	GlobalSection(SolutionConfigurationPlatforms) = preSolution
		Debug|Any CPU = Debug|Any CPU
		Release|Any CPU = Release|Any CPU
	EndGlobalSection
	GlobalSection(ProjectConfigurationPlatforms) = postSolution
		{EAC7D501-DE90-4FC1-AECC-74D6B089C3B2}.Debug|Any CPU.ActiveCfg = Debug|Any CPU
		{EAC7D501-DE90-4FC1-AECC-74D6B089C3B2}.Debug|Any CPU.Build.0 = Debug|Any CPU
		{EAC7D501-DE90-4FC1-AECC-74D6B089C3B2}.Release|Any CPU.ActiveCfg = Release|Any CPU
		{EAC7D501-DE90-4FC1-AECC-74D6B089C3B2}.Release|Any CPU.Build.0 = Release|Any CPU
		{B825A07F-13D0-4FD5-8764-250786D35DD2}.Debug|Any CPU.ActiveCfg = Debug|Any CPU
		{B825A07F-13D0-4FD5-8764-250786D35DD2}.Debug|Any CPU.Build.0 = Debug|Any CPU
		{B825A07F-13D0-4FD5-8764-250786D35DD2}.Release|Any CPU.ActiveCfg = Release|Any CPU
		{B825A07F-13D0-4FD5-8764-250786D35DD2}.Release|Any CPU.Build.0 = Release|Any CPU
		{B8F2A981-6DC4-4F8C-88B1-802599FAD819}.Debug|Any CPU.ActiveCfg = Debug|Any CPU
		{B8F2A981-6DC4-4F8C-88B1-802599FAD819}.Debug|Any CPU.Build.0 = Debug|Any CPU
		{B8F2A981-6DC4-4F8C-88B1-802599FAD819}.Release|Any CPU.ActiveCfg = Release|Any CPU
		{B8F2A981-6DC4-4F8C-88B1-802599FAD819}.Release|Any CPU.Build.0 = Release|Any CPU
	EndGlobalSection
EndGlobal
